// !$*UTF8*$!
{
	archiveVersion = 1;
	classes = {
	};
	objectVersion = 56;
	objects = {

/* Begin PBXBuildFile section */
		071D8E8B2996DE9E001B3E71 /* AppDelegate.swift in Sources */ = {isa = PBXBuildFile; fileRef = 071D8E8A2996DE9E001B3E71 /* AppDelegate.swift */; };
		071D8E8D2996DE9E001B3E71 /* SceneDelegate.swift in Sources */ = {isa = PBXBuildFile; fileRef = 071D8E8C2996DE9E001B3E71 /* SceneDelegate.swift */; };
		071D8E8F2996DE9E001B3E71 /* HomeViewController.swift in Sources */ = {isa = PBXBuildFile; fileRef = 071D8E8E2996DE9E001B3E71 /* HomeViewController.swift */; };
		071D8E942996DE9F001B3E71 /* Assets.xcassets in Resources */ = {isa = PBXBuildFile; fileRef = 071D8E932996DE9F001B3E71 /* Assets.xcassets */; };
		071D8E972996DE9F001B3E71 /* LaunchScreen.storyboard in Resources */ = {isa = PBXBuildFile; fileRef = 071D8E952996DE9F001B3E71 /* LaunchScreen.storyboard */; };
		071D8EA22996E797001B3E71 /* HomeView.swift in Sources */ = {isa = PBXBuildFile; fileRef = 071D8EA12996E797001B3E71 /* HomeView.swift */; };
		074178092996F9A30002984B /* SnapKit in Frameworks */ = {isa = PBXBuildFile; productRef = 074178082996F9A30002984B /* SnapKit */; };
		075A2FAD29B628FB0021262B /* Utils.swift in Sources */ = {isa = PBXBuildFile; fileRef = 075A2FAC29B628FB0021262B /* Utils.swift */; };
		075A2FAF29B72A920021262B /* EmotionViewController.swift in Sources */ = {isa = PBXBuildFile; fileRef = 075A2FAE29B72A920021262B /* EmotionViewController.swift */; };
		075A2FB129B72BA20021262B /* EmotionCell.swift in Sources */ = {isa = PBXBuildFile; fileRef = 075A2FB029B72BA20021262B /* EmotionCell.swift */; };
		076486B129A1575D006BC5C2 /* AddNewButton.swift in Sources */ = {isa = PBXBuildFile; fileRef = 076486B029A1575D006BC5C2 /* AddNewButton.swift */; };
		076486B329A38AD6006BC5C2 /* ComposeView.swift in Sources */ = {isa = PBXBuildFile; fileRef = 076486B229A38AD6006BC5C2 /* ComposeView.swift */; };
		076486B529A3927F006BC5C2 /* ConsumptionViewModel.swift in Sources */ = {isa = PBXBuildFile; fileRef = 076486B429A3927F006BC5C2 /* ConsumptionViewModel.swift */; };
		076486B729A39920006BC5C2 /* Consumption.swift in Sources */ = {isa = PBXBuildFile; fileRef = 076486B629A39920006BC5C2 /* Consumption.swift */; };
		077FDDAA29A874CC00B15E3E /* Observable.swift in Sources */ = {isa = PBXBuildFile; fileRef = 077FDDA929A874CC00B15E3E /* Observable.swift */; };
		077FDDAD29A990BA00B15E3E /* Realm in Frameworks */ = {isa = PBXBuildFile; productRef = 077FDDAC29A990BA00B15E3E /* Realm */; };
		077FDDAF29A990BA00B15E3E /* RealmSwift in Frameworks */ = {isa = PBXBuildFile; productRef = 077FDDAE29A990BA00B15E3E /* RealmSwift */; };
		07865FF3299E7DD700C482AB /* FSCalendar in Frameworks */ = {isa = PBXBuildFile; productRef = 07865FF2299E7DD700C482AB /* FSCalendar */; };
		07865FF529A0BF4300C482AB /* SettingTableViewCell.swift in Sources */ = {isa = PBXBuildFile; fileRef = 07865FF429A0BF4300C482AB /* SettingTableViewCell.swift */; };
		07865FF729A0C61500C482AB /* Extensions.swift in Sources */ = {isa = PBXBuildFile; fileRef = 07865FF629A0C61500C482AB /* Extensions.swift */; };
		07865FF929A0F08500C482AB /* SwitchTableViewCell.swift in Sources */ = {isa = PBXBuildFile; fileRef = 07865FF829A0F08500C482AB /* SwitchTableViewCell.swift */; };
		07865FFB29A1131B00C482AB /* DayTableViewCell.swift in Sources */ = {isa = PBXBuildFile; fileRef = 07865FFA29A1131B00C482AB /* DayTableViewCell.swift */; };
		07FD2B792997F505000E5088 /* RegistrationViewController.swift in Sources */ = {isa = PBXBuildFile; fileRef = 07FD2B782997F505000E5088 /* RegistrationViewController.swift */; };
		07FD2B7C2997F733000E5088 /* RegistrationViewModel.swift in Sources */ = {isa = PBXBuildFile; fileRef = 07FD2B7B2997F733000E5088 /* RegistrationViewModel.swift */; };
		07FD2B7F2997FAE8000E5088 /* User.swift in Sources */ = {isa = PBXBuildFile; fileRef = 07FD2B7E2997FAE8000E5088 /* User.swift */; };
		07FD2B812997FDB2000E5088 /* CustomTextField.swift in Sources */ = {isa = PBXBuildFile; fileRef = 07FD2B802997FDB2000E5088 /* CustomTextField.swift */; };
		07FD2B8429981664000E5088 /* IQKeyboardManagerSwift in Frameworks */ = {isa = PBXBuildFile; productRef = 07FD2B8329981664000E5088 /* IQKeyboardManagerSwift */; };
		07FD2BB7299CBE0A000E5088 /* MainTabBarController.swift in Sources */ = {isa = PBXBuildFile; fileRef = 07FD2BB6299CBE0A000E5088 /* MainTabBarController.swift */; };
		07FD2BB9299CC434000E5088 /* CalendarViewController.swift in Sources */ = {isa = PBXBuildFile; fileRef = 07FD2BB8299CC434000E5088 /* CalendarViewController.swift */; };
		07FD2BBB299CC440000E5088 /* SettingViewController.swift in Sources */ = {isa = PBXBuildFile; fileRef = 07FD2BBA299CC440000E5088 /* SettingViewController.swift */; };
		07FD2BBD299D222E000E5088 /* ComposeViewController.swift in Sources */ = {isa = PBXBuildFile; fileRef = 07FD2BBC299D222E000E5088 /* ComposeViewController.swift */; };
/* End PBXBuildFile section */

/* Begin PBXFileReference section */
		071D8E872996DE9E001B3E71 /* Bbiyong-Biyong.app */ = {isa = PBXFileReference; explicitFileType = wrapper.application; includeInIndex = 0; path = "Bbiyong-Biyong.app"; sourceTree = BUILT_PRODUCTS_DIR; };
		071D8E8A2996DE9E001B3E71 /* AppDelegate.swift */ = {isa = PBXFileReference; lastKnownFileType = sourcecode.swift; path = AppDelegate.swift; sourceTree = "<group>"; };
		071D8E8C2996DE9E001B3E71 /* SceneDelegate.swift */ = {isa = PBXFileReference; lastKnownFileType = sourcecode.swift; path = SceneDelegate.swift; sourceTree = "<group>"; };
		071D8E8E2996DE9E001B3E71 /* HomeViewController.swift */ = {isa = PBXFileReference; lastKnownFileType = sourcecode.swift; path = HomeViewController.swift; sourceTree = "<group>"; };
		071D8E932996DE9F001B3E71 /* Assets.xcassets */ = {isa = PBXFileReference; lastKnownFileType = folder.assetcatalog; path = Assets.xcassets; sourceTree = "<group>"; };
		071D8E962996DE9F001B3E71 /* Base */ = {isa = PBXFileReference; lastKnownFileType = file.storyboard; name = Base; path = Base.lproj/LaunchScreen.storyboard; sourceTree = "<group>"; };
		071D8E982996DE9F001B3E71 /* Info.plist */ = {isa = PBXFileReference; lastKnownFileType = text.plist.xml; path = Info.plist; sourceTree = "<group>"; };
		071D8EA12996E797001B3E71 /* HomeView.swift */ = {isa = PBXFileReference; lastKnownFileType = sourcecode.swift; path = HomeView.swift; sourceTree = "<group>"; };
		075A2FAC29B628FB0021262B /* Utils.swift */ = {isa = PBXFileReference; lastKnownFileType = sourcecode.swift; path = Utils.swift; sourceTree = "<group>"; };
		075A2FAE29B72A920021262B /* EmotionViewController.swift */ = {isa = PBXFileReference; lastKnownFileType = sourcecode.swift; path = EmotionViewController.swift; sourceTree = "<group>"; };
		075A2FB029B72BA20021262B /* EmotionCell.swift */ = {isa = PBXFileReference; lastKnownFileType = sourcecode.swift; path = EmotionCell.swift; sourceTree = "<group>"; };
		076486B029A1575D006BC5C2 /* AddNewButton.swift */ = {isa = PBXFileReference; lastKnownFileType = sourcecode.swift; path = AddNewButton.swift; sourceTree = "<group>"; };
		076486B229A38AD6006BC5C2 /* ComposeView.swift */ = {isa = PBXFileReference; lastKnownFileType = sourcecode.swift; path = ComposeView.swift; sourceTree = "<group>"; };
		076486B429A3927F006BC5C2 /* ConsumptionViewModel.swift */ = {isa = PBXFileReference; lastKnownFileType = sourcecode.swift; path = ConsumptionViewModel.swift; sourceTree = "<group>"; };
		076486B629A39920006BC5C2 /* Consumption.swift */ = {isa = PBXFileReference; lastKnownFileType = sourcecode.swift; path = Consumption.swift; sourceTree = "<group>"; };
		077FDDA929A874CC00B15E3E /* Observable.swift */ = {isa = PBXFileReference; lastKnownFileType = sourcecode.swift; path = Observable.swift; sourceTree = "<group>"; };
		07865FF429A0BF4300C482AB /* SettingTableViewCell.swift */ = {isa = PBXFileReference; lastKnownFileType = sourcecode.swift; path = SettingTableViewCell.swift; sourceTree = "<group>"; };
		07865FF629A0C61500C482AB /* Extensions.swift */ = {isa = PBXFileReference; lastKnownFileType = sourcecode.swift; path = Extensions.swift; sourceTree = "<group>"; };
		07865FF829A0F08500C482AB /* SwitchTableViewCell.swift */ = {isa = PBXFileReference; lastKnownFileType = sourcecode.swift; path = SwitchTableViewCell.swift; sourceTree = "<group>"; };
		07865FFA29A1131B00C482AB /* DayTableViewCell.swift */ = {isa = PBXFileReference; lastKnownFileType = sourcecode.swift; path = DayTableViewCell.swift; sourceTree = "<group>"; };
		07FD2B782997F505000E5088 /* RegistrationViewController.swift */ = {isa = PBXFileReference; lastKnownFileType = sourcecode.swift; path = RegistrationViewController.swift; sourceTree = "<group>"; };
		07FD2B7B2997F733000E5088 /* RegistrationViewModel.swift */ = {isa = PBXFileReference; lastKnownFileType = sourcecode.swift; path = RegistrationViewModel.swift; sourceTree = "<group>"; };
		07FD2B7E2997FAE8000E5088 /* User.swift */ = {isa = PBXFileReference; lastKnownFileType = sourcecode.swift; path = User.swift; sourceTree = "<group>"; };
		07FD2B802997FDB2000E5088 /* CustomTextField.swift */ = {isa = PBXFileReference; lastKnownFileType = sourcecode.swift; path = CustomTextField.swift; sourceTree = "<group>"; };
		07FD2BB6299CBE0A000E5088 /* MainTabBarController.swift */ = {isa = PBXFileReference; lastKnownFileType = sourcecode.swift; path = MainTabBarController.swift; sourceTree = "<group>"; };
		07FD2BB8299CC434000E5088 /* CalendarViewController.swift */ = {isa = PBXFileReference; lastKnownFileType = sourcecode.swift; path = CalendarViewController.swift; sourceTree = "<group>"; };
		07FD2BBA299CC440000E5088 /* SettingViewController.swift */ = {isa = PBXFileReference; lastKnownFileType = sourcecode.swift; path = SettingViewController.swift; sourceTree = "<group>"; };
		07FD2BBC299D222E000E5088 /* ComposeViewController.swift */ = {isa = PBXFileReference; lastKnownFileType = sourcecode.swift; path = ComposeViewController.swift; sourceTree = "<group>"; };
/* End PBXFileReference section */

/* Begin PBXFrameworksBuildPhase section */
		071D8E842996DE9E001B3E71 /* Frameworks */ = {
			isa = PBXFrameworksBuildPhase;
			buildActionMask = 2147483647;
			files = (
				074178092996F9A30002984B /* SnapKit in Frameworks */,
				07865FF3299E7DD700C482AB /* FSCalendar in Frameworks */,
				077FDDAD29A990BA00B15E3E /* Realm in Frameworks */,
				077FDDAF29A990BA00B15E3E /* RealmSwift in Frameworks */,
				07FD2B8429981664000E5088 /* IQKeyboardManagerSwift in Frameworks */,
			);
			runOnlyForDeploymentPostprocessing = 0;
		};
/* End PBXFrameworksBuildPhase section */

/* Begin PBXGroup section */
		071D8E7E2996DE9E001B3E71 = {
			isa = PBXGroup;
			children = (
				071D8E892996DE9E001B3E71 /* Bbiyong-Biyong */,
				071D8E882996DE9E001B3E71 /* Products */,
			);
			sourceTree = "<group>";
		};
		071D8E882996DE9E001B3E71 /* Products */ = {
			isa = PBXGroup;
			children = (
				071D8E872996DE9E001B3E71 /* Bbiyong-Biyong.app */,
			);
			name = Products;
			sourceTree = "<group>";
		};
		071D8E892996DE9E001B3E71 /* Bbiyong-Biyong */ = {
			isa = PBXGroup;
			children = (
				077FDDB029A990F800B15E3E /* Helper */,
				071D8EA02996E133001B3E71 /* Model */,
				07FD2B7D2997FA9F000E5088 /* ViewModel */,
				071D8E9F2996E12C001B3E71 /* View */,
				071D8E9E2996E11B001B3E71 /* Controller */,
				071D8E8A2996DE9E001B3E71 /* AppDelegate.swift */,
				071D8E8C2996DE9E001B3E71 /* SceneDelegate.swift */,
				071D8E932996DE9F001B3E71 /* Assets.xcassets */,
				071D8E952996DE9F001B3E71 /* LaunchScreen.storyboard */,
				071D8E982996DE9F001B3E71 /* Info.plist */,
			);
			path = "Bbiyong-Biyong";
			sourceTree = "<group>";
		};
		071D8E9E2996E11B001B3E71 /* Controller */ = {
			isa = PBXGroup;
			children = (
				07FD2B782997F505000E5088 /* RegistrationViewController.swift */,
				07FD2BB6299CBE0A000E5088 /* MainTabBarController.swift */,
				071D8E8E2996DE9E001B3E71 /* HomeViewController.swift */,
				07FD2BB8299CC434000E5088 /* CalendarViewController.swift */,
				07FD2BBA299CC440000E5088 /* SettingViewController.swift */,
				07FD2BBC299D222E000E5088 /* ComposeViewController.swift */,
				075A2FAE29B72A920021262B /* EmotionViewController.swift */,
			);
			path = Controller;
			sourceTree = "<group>";
		};
		071D8E9F2996E12C001B3E71 /* View */ = {
			isa = PBXGroup;
			children = (
				071D8EA12996E797001B3E71 /* HomeView.swift */,
				07FD2B802997FDB2000E5088 /* CustomTextField.swift */,
				07865FF429A0BF4300C482AB /* SettingTableViewCell.swift */,
				07865FF829A0F08500C482AB /* SwitchTableViewCell.swift */,
				07865FFA29A1131B00C482AB /* DayTableViewCell.swift */,
				076486B029A1575D006BC5C2 /* AddNewButton.swift */,
				076486B229A38AD6006BC5C2 /* ComposeView.swift */,
				075A2FB029B72BA20021262B /* EmotionCell.swift */,
			);
			path = View;
			sourceTree = "<group>";
		};
		071D8EA02996E133001B3E71 /* Model */ = {
			isa = PBXGroup;
			children = (
				07FD2B7E2997FAE8000E5088 /* User.swift */,
				076486B629A39920006BC5C2 /* Consumption.swift */,
			);
			path = Model;
			sourceTree = "<group>";
		};
		077FDDB029A990F800B15E3E /* Helper */ = {
			isa = PBXGroup;
			children = (
				077FDDA929A874CC00B15E3E /* Observable.swift */,
				07865FF629A0C61500C482AB /* Extensions.swift */,
				075A2FAC29B628FB0021262B /* Utils.swift */,
			);
			path = Helper;
			sourceTree = "<group>";
		};
		07FD2B7D2997FA9F000E5088 /* ViewModel */ = {
			isa = PBXGroup;
			children = (
				07FD2B7B2997F733000E5088 /* RegistrationViewModel.swift */,
				076486B429A3927F006BC5C2 /* ConsumptionViewModel.swift */,
			);
			path = ViewModel;
			sourceTree = "<group>";
		};
/* End PBXGroup section */

/* Begin PBXNativeTarget section */
		071D8E862996DE9E001B3E71 /* Bbiyong-Biyong */ = {
			isa = PBXNativeTarget;
			buildConfigurationList = 071D8E9B2996DE9F001B3E71 /* Build configuration list for PBXNativeTarget "Bbiyong-Biyong" */;
			buildPhases = (
				071D8E832996DE9E001B3E71 /* Sources */,
				071D8E842996DE9E001B3E71 /* Frameworks */,
				071D8E852996DE9E001B3E71 /* Resources */,
			);
			buildRules = (
			);
			dependencies = (
			);
			name = "Bbiyong-Biyong";
			packageProductDependencies = (
				074178082996F9A30002984B /* SnapKit */,
				07FD2B8329981664000E5088 /* IQKeyboardManagerSwift */,
				07865FF2299E7DD700C482AB /* FSCalendar */,
				077FDDAC29A990BA00B15E3E /* Realm */,
				077FDDAE29A990BA00B15E3E /* RealmSwift */,
			);
			productName = "Bbiyong-Biyong";
			productReference = 071D8E872996DE9E001B3E71 /* Bbiyong-Biyong.app */;
			productType = "com.apple.product-type.application";
		};
/* End PBXNativeTarget section */

/* Begin PBXProject section */
		071D8E7F2996DE9E001B3E71 /* Project object */ = {
			isa = PBXProject;
			attributes = {
				BuildIndependentTargetsInParallel = 1;
				LastSwiftUpdateCheck = 1400;
				LastUpgradeCheck = 1400;
				TargetAttributes = {
					071D8E862996DE9E001B3E71 = {
						CreatedOnToolsVersion = 14.0.1;
					};
				};
			};
			buildConfigurationList = 071D8E822996DE9E001B3E71 /* Build configuration list for PBXProject "Bbiyong-Biyong" */;
			compatibilityVersion = "Xcode 14.0";
			developmentRegion = en;
			hasScannedForEncodings = 0;
			knownRegions = (
				en,
				Base,
			);
			mainGroup = 071D8E7E2996DE9E001B3E71;
			packageReferences = (
				074178072996F9A30002984B /* XCRemoteSwiftPackageReference "SnapKit" */,
				07FD2B8229981664000E5088 /* XCRemoteSwiftPackageReference "IQKeyboardManager" */,
				07865FF1299E7DD700C482AB /* XCRemoteSwiftPackageReference "FSCalendar" */,
				077FDDAB29A990BA00B15E3E /* XCRemoteSwiftPackageReference "realm-swift" */,
			);
			productRefGroup = 071D8E882996DE9E001B3E71 /* Products */;
			projectDirPath = "";
			projectRoot = "";
			targets = (
				071D8E862996DE9E001B3E71 /* Bbiyong-Biyong */,
			);
		};
/* End PBXProject section */

/* Begin PBXResourcesBuildPhase section */
		071D8E852996DE9E001B3E71 /* Resources */ = {
			isa = PBXResourcesBuildPhase;
			buildActionMask = 2147483647;
			files = (
				071D8E972996DE9F001B3E71 /* LaunchScreen.storyboard in Resources */,
				071D8E942996DE9F001B3E71 /* Assets.xcassets in Resources */,
			);
			runOnlyForDeploymentPostprocessing = 0;
		};
/* End PBXResourcesBuildPhase section */

/* Begin PBXSourcesBuildPhase section */
		071D8E832996DE9E001B3E71 /* Sources */ = {
			isa = PBXSourcesBuildPhase;
			buildActionMask = 2147483647;
			files = (
				07FD2BB9299CC434000E5088 /* CalendarViewController.swift in Sources */,
				07FD2BBB299CC440000E5088 /* SettingViewController.swift in Sources */,
				07865FFB29A1131B00C482AB /* DayTableViewCell.swift in Sources */,
				076486B329A38AD6006BC5C2 /* ComposeView.swift in Sources */,
				07865FF929A0F08500C482AB /* SwitchTableViewCell.swift in Sources */,
				071D8E8F2996DE9E001B3E71 /* HomeViewController.swift in Sources */,
				075A2FB129B72BA20021262B /* EmotionCell.swift in Sources */,
				07FD2BBD299D222E000E5088 /* ComposeViewController.swift in Sources */,
				075A2FAD29B628FB0021262B /* Utils.swift in Sources */,
				076486B729A39920006BC5C2 /* Consumption.swift in Sources */,
				071D8EA22996E797001B3E71 /* HomeView.swift in Sources */,
				07FD2BB7299CBE0A000E5088 /* MainTabBarController.swift in Sources */,
				077FDDAA29A874CC00B15E3E /* Observable.swift in Sources */,
				075A2FAF29B72A920021262B /* EmotionViewController.swift in Sources */,
				07FD2B7C2997F733000E5088 /* RegistrationViewModel.swift in Sources */,
				071D8E8B2996DE9E001B3E71 /* AppDelegate.swift in Sources */,
				07865FF529A0BF4300C482AB /* SettingTableViewCell.swift in Sources */,
				07FD2B812997FDB2000E5088 /* CustomTextField.swift in Sources */,
				071D8E8D2996DE9E001B3E71 /* SceneDelegate.swift in Sources */,
				07FD2B792997F505000E5088 /* RegistrationViewController.swift in Sources */,
				076486B529A3927F006BC5C2 /* ConsumptionViewModel.swift in Sources */,
				076486B129A1575D006BC5C2 /* AddNewButton.swift in Sources */,
				07FD2B7F2997FAE8000E5088 /* User.swift in Sources */,
				07865FF729A0C61500C482AB /* Extensions.swift in Sources */,
			);
			runOnlyForDeploymentPostprocessing = 0;
		};
/* End PBXSourcesBuildPhase section */

/* Begin PBXVariantGroup section */
		071D8E952996DE9F001B3E71 /* LaunchScreen.storyboard */ = {
			isa = PBXVariantGroup;
			children = (
				071D8E962996DE9F001B3E71 /* Base */,
			);
			name = LaunchScreen.storyboard;
			sourceTree = "<group>";
		};
/* End PBXVariantGroup section */

/* Begin XCBuildConfiguration section */
		071D8E992996DE9F001B3E71 /* Debug */ = {
			isa = XCBuildConfiguration;
			buildSettings = {
				ALWAYS_SEARCH_USER_PATHS = NO;
				CLANG_ANALYZER_NONNULL = YES;
				CLANG_ANALYZER_NUMBER_OBJECT_CONVERSION = YES_AGGRESSIVE;
				CLANG_CXX_LANGUAGE_STANDARD = "gnu++20";
				CLANG_ENABLE_MODULES = YES;
				CLANG_ENABLE_OBJC_ARC = YES;
				CLANG_ENABLE_OBJC_WEAK = YES;
				CLANG_WARN_BLOCK_CAPTURE_AUTORELEASING = YES;
				CLANG_WARN_BOOL_CONVERSION = YES;
				CLANG_WARN_COMMA = YES;
				CLANG_WARN_CONSTANT_CONVERSION = YES;
				CLANG_WARN_DEPRECATED_OBJC_IMPLEMENTATIONS = YES;
				CLANG_WARN_DIRECT_OBJC_ISA_USAGE = YES_ERROR;
				CLANG_WARN_DOCUMENTATION_COMMENTS = YES;
				CLANG_WARN_EMPTY_BODY = YES;
				CLANG_WARN_ENUM_CONVERSION = YES;
				CLANG_WARN_INFINITE_RECURSION = YES;
				CLANG_WARN_INT_CONVERSION = YES;
				CLANG_WARN_NON_LITERAL_NULL_CONVERSION = YES;
				CLANG_WARN_OBJC_IMPLICIT_RETAIN_SELF = YES;
				CLANG_WARN_OBJC_LITERAL_CONVERSION = YES;
				CLANG_WARN_OBJC_ROOT_CLASS = YES_ERROR;
				CLANG_WARN_QUOTED_INCLUDE_IN_FRAMEWORK_HEADER = YES;
				CLANG_WARN_RANGE_LOOP_ANALYSIS = YES;
				CLANG_WARN_STRICT_PROTOTYPES = YES;
				CLANG_WARN_SUSPICIOUS_MOVE = YES;
				CLANG_WARN_UNGUARDED_AVAILABILITY = YES_AGGRESSIVE;
				CLANG_WARN_UNREACHABLE_CODE = YES;
				CLANG_WARN__DUPLICATE_METHOD_MATCH = YES;
				COPY_PHASE_STRIP = NO;
				DEBUG_INFORMATION_FORMAT = dwarf;
				ENABLE_STRICT_OBJC_MSGSEND = YES;
				ENABLE_TESTABILITY = YES;
				GCC_C_LANGUAGE_STANDARD = gnu11;
				GCC_DYNAMIC_NO_PIC = NO;
				GCC_NO_COMMON_BLOCKS = YES;
				GCC_OPTIMIZATION_LEVEL = 0;
				GCC_PREPROCESSOR_DEFINITIONS = (
					"DEBUG=1",
					"$(inherited)",
				);
				GCC_WARN_64_TO_32_BIT_CONVERSION = YES;
				GCC_WARN_ABOUT_RETURN_TYPE = YES_ERROR;
				GCC_WARN_UNDECLARED_SELECTOR = YES;
				GCC_WARN_UNINITIALIZED_AUTOS = YES_AGGRESSIVE;
				GCC_WARN_UNUSED_FUNCTION = YES;
				GCC_WARN_UNUSED_VARIABLE = YES;
				IPHONEOS_DEPLOYMENT_TARGET = 16.0;
				MTL_ENABLE_DEBUG_INFO = INCLUDE_SOURCE;
				MTL_FAST_MATH = YES;
				ONLY_ACTIVE_ARCH = YES;
				SDKROOT = iphoneos;
				SWIFT_ACTIVE_COMPILATION_CONDITIONS = DEBUG;
				SWIFT_OPTIMIZATION_LEVEL = "-Onone";
			};
			name = Debug;
		};
		071D8E9A2996DE9F001B3E71 /* Release */ = {
			isa = XCBuildConfiguration;
			buildSettings = {
				ALWAYS_SEARCH_USER_PATHS = NO;
				CLANG_ANALYZER_NONNULL = YES;
				CLANG_ANALYZER_NUMBER_OBJECT_CONVERSION = YES_AGGRESSIVE;
				CLANG_CXX_LANGUAGE_STANDARD = "gnu++20";
				CLANG_ENABLE_MODULES = YES;
				CLANG_ENABLE_OBJC_ARC = YES;
				CLANG_ENABLE_OBJC_WEAK = YES;
				CLANG_WARN_BLOCK_CAPTURE_AUTORELEASING = YES;
				CLANG_WARN_BOOL_CONVERSION = YES;
				CLANG_WARN_COMMA = YES;
				CLANG_WARN_CONSTANT_CONVERSION = YES;
				CLANG_WARN_DEPRECATED_OBJC_IMPLEMENTATIONS = YES;
				CLANG_WARN_DIRECT_OBJC_ISA_USAGE = YES_ERROR;
				CLANG_WARN_DOCUMENTATION_COMMENTS = YES;
				CLANG_WARN_EMPTY_BODY = YES;
				CLANG_WARN_ENUM_CONVERSION = YES;
				CLANG_WARN_INFINITE_RECURSION = YES;
				CLANG_WARN_INT_CONVERSION = YES;
				CLANG_WARN_NON_LITERAL_NULL_CONVERSION = YES;
				CLANG_WARN_OBJC_IMPLICIT_RETAIN_SELF = YES;
				CLANG_WARN_OBJC_LITERAL_CONVERSION = YES;
				CLANG_WARN_OBJC_ROOT_CLASS = YES_ERROR;
				CLANG_WARN_QUOTED_INCLUDE_IN_FRAMEWORK_HEADER = YES;
				CLANG_WARN_RANGE_LOOP_ANALYSIS = YES;
				CLANG_WARN_STRICT_PROTOTYPES = YES;
				CLANG_WARN_SUSPICIOUS_MOVE = YES;
				CLANG_WARN_UNGUARDED_AVAILABILITY = YES_AGGRESSIVE;
				CLANG_WARN_UNREACHABLE_CODE = YES;
				CLANG_WARN__DUPLICATE_METHOD_MATCH = YES;
				COPY_PHASE_STRIP = NO;
				DEBUG_INFORMATION_FORMAT = "dwarf-with-dsym";
				ENABLE_NS_ASSERTIONS = NO;
				ENABLE_STRICT_OBJC_MSGSEND = YES;
				GCC_C_LANGUAGE_STANDARD = gnu11;
				GCC_NO_COMMON_BLOCKS = YES;
				GCC_WARN_64_TO_32_BIT_CONVERSION = YES;
				GCC_WARN_ABOUT_RETURN_TYPE = YES_ERROR;
				GCC_WARN_UNDECLARED_SELECTOR = YES;
				GCC_WARN_UNINITIALIZED_AUTOS = YES_AGGRESSIVE;
				GCC_WARN_UNUSED_FUNCTION = YES;
				GCC_WARN_UNUSED_VARIABLE = YES;
				IPHONEOS_DEPLOYMENT_TARGET = 16.0;
				MTL_ENABLE_DEBUG_INFO = NO;
				MTL_FAST_MATH = YES;
				SDKROOT = iphoneos;
				SWIFT_COMPILATION_MODE = wholemodule;
				SWIFT_OPTIMIZATION_LEVEL = "-O";
				VALIDATE_PRODUCT = YES;
			};
			name = Release;
		};
		071D8E9C2996DE9F001B3E71 /* Debug */ = {
			isa = XCBuildConfiguration;
			buildSettings = {
				ASSETCATALOG_COMPILER_APPICON_NAME = AppIcon;
				ASSETCATALOG_COMPILER_GLOBAL_ACCENT_COLOR_NAME = AccentColor;
				CODE_SIGN_STYLE = Automatic;
				CURRENT_PROJECT_VERSION = 1;
				DEVELOPMENT_TEAM = 7V2ZG69KPK;
				GENERATE_INFOPLIST_FILE = YES;
				INFOPLIST_FILE = "Bbiyong-Biyong/Info.plist";
				INFOPLIST_KEY_CFBundleDisplayName = "삐용비용";
				INFOPLIST_KEY_LSApplicationCategoryType = "public.app-category.lifestyle";
				INFOPLIST_KEY_UIApplicationSupportsIndirectInputEvents = YES;
				INFOPLIST_KEY_UILaunchStoryboardName = LaunchScreen;
				INFOPLIST_KEY_UIMainStoryboardFile = "";
				INFOPLIST_KEY_UISupportedInterfaceOrientations = UIInterfaceOrientationPortrait;
				INFOPLIST_KEY_UISupportedInterfaceOrientations_iPad = "UIInterfaceOrientationLandscapeLeft UIInterfaceOrientationLandscapeRight UIInterfaceOrientationPortrait UIInterfaceOrientationPortraitUpsideDown";
				IPHONEOS_DEPLOYMENT_TARGET = 15.0;
				LD_RUNPATH_SEARCH_PATHS = (
					"$(inherited)",
					"@executable_path/Frameworks",
				);
				MARKETING_VERSION = 1.0.0;
				PRODUCT_BUNDLE_IDENTIFIER = "com.jade.Bbiyong-Biyong";
				PRODUCT_NAME = "$(TARGET_NAME)";
				SWIFT_EMIT_LOC_STRINGS = YES;
				SWIFT_VERSION = 5.0;
				TARGETED_DEVICE_FAMILY = "1,2";
			};
			name = Debug;
		};
		071D8E9D2996DE9F001B3E71 /* Release */ = {
			isa = XCBuildConfiguration;
			buildSettings = {
				ASSETCATALOG_COMPILER_APPICON_NAME = AppIcon;
				ASSETCATALOG_COMPILER_GLOBAL_ACCENT_COLOR_NAME = AccentColor;
				CODE_SIGN_STYLE = Automatic;
				CURRENT_PROJECT_VERSION = 1;
				DEVELOPMENT_TEAM = 7V2ZG69KPK;
				GENERATE_INFOPLIST_FILE = YES;
				INFOPLIST_FILE = "Bbiyong-Biyong/Info.plist";
				INFOPLIST_KEY_CFBundleDisplayName = "삐용비용";
				INFOPLIST_KEY_LSApplicationCategoryType = "public.app-category.lifestyle";
				INFOPLIST_KEY_UIApplicationSupportsIndirectInputEvents = YES;
				INFOPLIST_KEY_UILaunchStoryboardName = LaunchScreen;
				INFOPLIST_KEY_UIMainStoryboardFile = "";
				INFOPLIST_KEY_UISupportedInterfaceOrientations = UIInterfaceOrientationPortrait;
				INFOPLIST_KEY_UISupportedInterfaceOrientations_iPad = "UIInterfaceOrientationLandscapeLeft UIInterfaceOrientationLandscapeRight UIInterfaceOrientationPortrait UIInterfaceOrientationPortraitUpsideDown";
				IPHONEOS_DEPLOYMENT_TARGET = 15.0;
				LD_RUNPATH_SEARCH_PATHS = (
					"$(inherited)",
					"@executable_path/Frameworks",
				);
				MARKETING_VERSION = 1.0.0;
				PRODUCT_BUNDLE_IDENTIFIER = "com.jade.Bbiyong-Biyong";
				PRODUCT_NAME = "$(TARGET_NAME)";
				SWIFT_EMIT_LOC_STRINGS = YES;
				SWIFT_VERSION = 5.0;
				TARGETED_DEVICE_FAMILY = "1,2";
			};
			name = Release;
		};
/* End XCBuildConfiguration section */

/* Begin XCConfigurationList section */
		071D8E822996DE9E001B3E71 /* Build configuration list for PBXProject "Bbiyong-Biyong" */ = {
			isa = XCConfigurationList;
			buildConfigurations = (
				071D8E992996DE9F001B3E71 /* Debug */,
				071D8E9A2996DE9F001B3E71 /* Release */,
			);
			defaultConfigurationIsVisible = 0;
			defaultConfigurationName = Release;
		};
		071D8E9B2996DE9F001B3E71 /* Build configuration list for PBXNativeTarget "Bbiyong-Biyong" */ = {
			isa = XCConfigurationList;
			buildConfigurations = (
				071D8E9C2996DE9F001B3E71 /* Debug */,
				071D8E9D2996DE9F001B3E71 /* Release */,
			);
			defaultConfigurationIsVisible = 0;
			defaultConfigurationName = Release;
		};
/* End XCConfigurationList section */

/* Begin XCRemoteSwiftPackageReference section */
		074178072996F9A30002984B /* XCRemoteSwiftPackageReference "SnapKit" */ = {
			isa = XCRemoteSwiftPackageReference;
			repositoryURL = "https://github.com/SnapKit/SnapKit.git";
			requirement = {
				kind = upToNextMinorVersion;
				minimumVersion = 5.6.0;
			};
		};
		077FDDAB29A990BA00B15E3E /* XCRemoteSwiftPackageReference "realm-swift" */ = {
			isa = XCRemoteSwiftPackageReference;
			repositoryURL = "https://github.com/realm/realm-swift";
			requirement = {
				branch = master;
				kind = branch;
			};
		};
		07865FF1299E7DD700C482AB /* XCRemoteSwiftPackageReference "FSCalendar" */ = {
			isa = XCRemoteSwiftPackageReference;
			repositoryURL = "https://github.com/WenchaoD/FSCalendar";
			requirement = {
				branch = master;
				kind = branch;
			};
		};
		07FD2B8229981664000E5088 /* XCRemoteSwiftPackageReference "IQKeyboardManager" */ = {
			isa = XCRemoteSwiftPackageReference;
			repositoryURL = "https://github.com/hackiftekhar/IQKeyboardManager";
			requirement = {
				branch = master;
				kind = branch;
			};
		};
/* End XCRemoteSwiftPackageReference section */

/* Begin XCSwiftPackageProductDependency section */
		074178082996F9A30002984B /* SnapKit */ = {
			isa = XCSwiftPackageProductDependency;
			package = 074178072996F9A30002984B /* XCRemoteSwiftPackageReference "SnapKit" */;
			productName = SnapKit;
		};
		077FDDAC29A990BA00B15E3E /* Realm */ = {
			isa = XCSwiftPackageProductDependency;
			package = 077FDDAB29A990BA00B15E3E /* XCRemoteSwiftPackageReference "realm-swift" */;
			productName = Realm;
		};
		077FDDAE29A990BA00B15E3E /* RealmSwift */ = {
			isa = XCSwiftPackageProductDependency;
			package = 077FDDAB29A990BA00B15E3E /* XCRemoteSwiftPackageReference "realm-swift" */;
			productName = RealmSwift;
		};
		07865FF2299E7DD700C482AB /* FSCalendar */ = {
			isa = XCSwiftPackageProductDependency;
			package = 07865FF1299E7DD700C482AB /* XCRemoteSwiftPackageReference "FSCalendar" */;
			productName = FSCalendar;
		};
		07FD2B8329981664000E5088 /* IQKeyboardManagerSwift */ = {
			isa = XCSwiftPackageProductDependency;
			package = 07FD2B8229981664000E5088 /* XCRemoteSwiftPackageReference "IQKeyboardManager" */;
			productName = IQKeyboardManagerSwift;
		};
/* End XCSwiftPackageProductDependency section */
	};
	rootObject = 071D8E7F2996DE9E001B3E71 /* Project object */;
}
